// !$*UTF8*$!
{
	archiveVersion = 1;
	classes = {
	};
	objectVersion = 46;
	objects = {

/* Begin PBXBuildFile section */
		030A13781E5B954300936B87 /* Trip.swift in Sources */ = {isa = PBXBuildFile; fileRef = 030A13771E5B954300936B87 /* Trip.swift */; };
		033208011E5ACD82000BF5C3 /* AppDelegate.swift in Sources */ = {isa = PBXBuildFile; fileRef = 033208001E5ACD82000BF5C3 /* AppDelegate.swift */; };
		033208031E5ACD82000BF5C3 /* ViewController.swift in Sources */ = {isa = PBXBuildFile; fileRef = 033208021E5ACD82000BF5C3 /* ViewController.swift */; };
		033208061E5ACD82000BF5C3 /* Main.storyboard in Resources */ = {isa = PBXBuildFile; fileRef = 033208041E5ACD82000BF5C3 /* Main.storyboard */; };
		033208081E5ACD82000BF5C3 /* Assets.xcassets in Resources */ = {isa = PBXBuildFile; fileRef = 033208071E5ACD82000BF5C3 /* Assets.xcassets */; };
		0332080B1E5ACD82000BF5C3 /* LaunchScreen.storyboard in Resources */ = {isa = PBXBuildFile; fileRef = 033208091E5ACD82000BF5C3 /* LaunchScreen.storyboard */; };
		033208161E5ACD82000BF5C3 /* Intelligent_Pothole_DetectionTests.swift in Sources */ = {isa = PBXBuildFile; fileRef = 033208151E5ACD82000BF5C3 /* Intelligent_Pothole_DetectionTests.swift */; };
		039B0EC21E5D169D007FFA6A /* TripViewController.swift in Sources */ = {isa = PBXBuildFile; fileRef = 039B0EC11E5D169D007FFA6A /* TripViewController.swift */; };
/* End PBXBuildFile section */

/* Begin PBXContainerItemProxy section */
		033208121E5ACD82000BF5C3 /* PBXContainerItemProxy */ = {
			isa = PBXContainerItemProxy;
			containerPortal = 033207F51E5ACD81000BF5C3 /* Project object */;
			proxyType = 1;
			remoteGlobalIDString = 033207FC1E5ACD81000BF5C3;
			remoteInfo = "Intelligent-Pothole-Detection";
		};
/* End PBXContainerItemProxy section */

/* Begin PBXFileReference section */
		030A13771E5B954300936B87 /* Trip.swift */ = {isa = PBXFileReference; fileEncoding = 4; lastKnownFileType = sourcecode.swift; path = Trip.swift; sourceTree = "<group>"; };
		033207FD1E5ACD82000BF5C3 /* IPD-Training-Sensors.app */ = {isa = PBXFileReference; explicitFileType = wrapper.application; includeInIndex = 0; path = "IPD-Training-Sensors.app"; sourceTree = BUILT_PRODUCTS_DIR; };
		033208001E5ACD82000BF5C3 /* AppDelegate.swift */ = {isa = PBXFileReference; lastKnownFileType = sourcecode.swift; path = AppDelegate.swift; sourceTree = "<group>"; };
		033208021E5ACD82000BF5C3 /* ViewController.swift */ = {isa = PBXFileReference; lastKnownFileType = sourcecode.swift; path = ViewController.swift; sourceTree = "<group>"; };
		033208051E5ACD82000BF5C3 /* Base */ = {isa = PBXFileReference; lastKnownFileType = file.storyboard; name = Base; path = Base.lproj/Main.storyboard; sourceTree = "<group>"; };
		033208071E5ACD82000BF5C3 /* Assets.xcassets */ = {isa = PBXFileReference; lastKnownFileType = folder.assetcatalog; path = Assets.xcassets; sourceTree = "<group>"; };
		0332080A1E5ACD82000BF5C3 /* Base */ = {isa = PBXFileReference; lastKnownFileType = file.storyboard; name = Base; path = Base.lproj/LaunchScreen.storyboard; sourceTree = "<group>"; };
		0332080C1E5ACD82000BF5C3 /* Info.plist */ = {isa = PBXFileReference; lastKnownFileType = text.plist.xml; path = Info.plist; sourceTree = "<group>"; };
		033208111E5ACD82000BF5C3 /* IPD-Training-SensorsTests.xctest */ = {isa = PBXFileReference; explicitFileType = wrapper.cfbundle; includeInIndex = 0; path = "IPD-Training-SensorsTests.xctest"; sourceTree = BUILT_PRODUCTS_DIR; };
		033208151E5ACD82000BF5C3 /* Intelligent_Pothole_DetectionTests.swift */ = {isa = PBXFileReference; lastKnownFileType = sourcecode.swift; path = Intelligent_Pothole_DetectionTests.swift; sourceTree = "<group>"; };
		033208171E5ACD82000BF5C3 /* Info.plist */ = {isa = PBXFileReference; lastKnownFileType = text.plist.xml; path = Info.plist; sourceTree = "<group>"; };
		039B0EC11E5D169D007FFA6A /* TripViewController.swift */ = {isa = PBXFileReference; fileEncoding = 4; lastKnownFileType = sourcecode.swift; path = TripViewController.swift; sourceTree = "<group>"; };
/* End PBXFileReference section */

/* Begin PBXFrameworksBuildPhase section */
		033207FA1E5ACD81000BF5C3 /* Frameworks */ = {
			isa = PBXFrameworksBuildPhase;
			buildActionMask = 2147483647;
			files = (
			);
			runOnlyForDeploymentPostprocessing = 0;
		};
		0332080E1E5ACD82000BF5C3 /* Frameworks */ = {
			isa = PBXFrameworksBuildPhase;
			buildActionMask = 2147483647;
			files = (
			);
			runOnlyForDeploymentPostprocessing = 0;
		};
/* End PBXFrameworksBuildPhase section */

/* Begin PBXGroup section */
		033207F41E5ACD81000BF5C3 = {
			isa = PBXGroup;
			children = (
				033207FF1E5ACD82000BF5C3 /* IPD-Training-Sensors */,
				033208141E5ACD82000BF5C3 /* IPD-Training-SensorsTests */,
				033207FE1E5ACD82000BF5C3 /* Products */,
			);
			sourceTree = "<group>";
		};
		033207FE1E5ACD82000BF5C3 /* Products */ = {
			isa = PBXGroup;
			children = (
				033207FD1E5ACD82000BF5C3 /* IPD-Training-Sensors.app */,
				033208111E5ACD82000BF5C3 /* IPD-Training-SensorsTests.xctest */,
			);
			name = Products;
			sourceTree = "<group>";
		};
		033207FF1E5ACD82000BF5C3 /* IPD-Training-Sensors */ = {
			isa = PBXGroup;
			children = (
				033208001E5ACD82000BF5C3 /* AppDelegate.swift */,
				033208021E5ACD82000BF5C3 /* ViewController.swift */,
				039B0EC11E5D169D007FFA6A /* TripViewController.swift */,
				030A13771E5B954300936B87 /* Trip.swift */,
				033208041E5ACD82000BF5C3 /* Main.storyboard */,
				033208071E5ACD82000BF5C3 /* Assets.xcassets */,
				033208091E5ACD82000BF5C3 /* LaunchScreen.storyboard */,
				0332080C1E5ACD82000BF5C3 /* Info.plist */,
			);
			name = "IPD-Training-Sensors";
			path = "Intelligent-Pothole-Detection";
			sourceTree = "<group>";
		};
		033208141E5ACD82000BF5C3 /* IPD-Training-SensorsTests */ = {
			isa = PBXGroup;
			children = (
				033208151E5ACD82000BF5C3 /* Intelligent_Pothole_DetectionTests.swift */,
				033208171E5ACD82000BF5C3 /* Info.plist */,
			);
			name = "IPD-Training-SensorsTests";
			path = "Intelligent-Pothole-DetectionTests";
			sourceTree = "<group>";
		};
/* End PBXGroup section */

/* Begin PBXNativeTarget section */
		033207FC1E5ACD81000BF5C3 /* IPD-Training-Sensors */ = {
			isa = PBXNativeTarget;
			buildConfigurationList = 0332081A1E5ACD82000BF5C3 /* Build configuration list for PBXNativeTarget "IPD-Training-Sensors" */;
			buildPhases = (
				033207F91E5ACD81000BF5C3 /* Sources */,
				033207FA1E5ACD81000BF5C3 /* Frameworks */,
				033207FB1E5ACD81000BF5C3 /* Resources */,
			);
			buildRules = (
			);
			dependencies = (
			);
			name = "IPD-Training-Sensors";
			productName = "Intelligent-Pothole-Detection";
			productReference = 033207FD1E5ACD82000BF5C3 /* IPD-Training-Sensors.app */;
			productType = "com.apple.product-type.application";
		};
		033208101E5ACD82000BF5C3 /* IPD-Training-SensorsTests */ = {
			isa = PBXNativeTarget;
			buildConfigurationList = 0332081D1E5ACD82000BF5C3 /* Build configuration list for PBXNativeTarget "IPD-Training-SensorsTests" */;
			buildPhases = (
				0332080D1E5ACD82000BF5C3 /* Sources */,
				0332080E1E5ACD82000BF5C3 /* Frameworks */,
				0332080F1E5ACD82000BF5C3 /* Resources */,
			);
			buildRules = (
			);
			dependencies = (
				033208131E5ACD82000BF5C3 /* PBXTargetDependency */,
			);
			name = "IPD-Training-SensorsTests";
			productName = "Intelligent-Pothole-DetectionTests";
			productReference = 033208111E5ACD82000BF5C3 /* IPD-Training-SensorsTests.xctest */;
			productType = "com.apple.product-type.bundle.unit-test";
		};
/* End PBXNativeTarget section */

/* Begin PBXProject section */
		033207F51E5ACD81000BF5C3 /* Project object */ = {
			isa = PBXProject;
			attributes = {
				LastSwiftUpdateCheck = 0820;
				LastUpgradeCheck = 0820;
				ORGANIZATIONNAME = "Shouvik Mani";
				TargetAttributes = {
					033207FC1E5ACD81000BF5C3 = {
						CreatedOnToolsVersion = 8.2.1;
						DevelopmentTeam = 42P3FE69ZL;
						ProvisioningStyle = Automatic;
					};
					033208101E5ACD82000BF5C3 = {
						CreatedOnToolsVersion = 8.2.1;
						ProvisioningStyle = Automatic;
						TestTargetID = 033207FC1E5ACD81000BF5C3;
					};
				};
			};
			buildConfigurationList = 033207F81E5ACD81000BF5C3 /* Build configuration list for PBXProject "IPD-Training-Sensors" */;
			compatibilityVersion = "Xcode 3.2";
			developmentRegion = English;
			hasScannedForEncodings = 0;
			knownRegions = (
				en,
				Base,
			);
			mainGroup = 033207F41E5ACD81000BF5C3;
			productRefGroup = 033207FE1E5ACD82000BF5C3 /* Products */;
			projectDirPath = "";
			projectRoot = "";
			targets = (
				033207FC1E5ACD81000BF5C3 /* IPD-Training-Sensors */,
				033208101E5ACD82000BF5C3 /* IPD-Training-SensorsTests */,
			);
		};
/* End PBXProject section */

/* Begin PBXResourcesBuildPhase section */
		033207FB1E5ACD81000BF5C3 /* Resources */ = {
			isa = PBXResourcesBuildPhase;
			buildActionMask = 2147483647;
			files = (
				0332080B1E5ACD82000BF5C3 /* LaunchScreen.storyboard in Resources */,
				033208081E5ACD82000BF5C3 /* Assets.xcassets in Resources */,
				033208061E5ACD82000BF5C3 /* Main.storyboard in Resources */,
			);
			runOnlyForDeploymentPostprocessing = 0;
		};
		0332080F1E5ACD82000BF5C3 /* Resources */ = {
			isa = PBXResourcesBuildPhase;
			buildActionMask = 2147483647;
			files = (
			);
			runOnlyForDeploymentPostprocessing = 0;
		};
/* End PBXResourcesBuildPhase section */

/* Begin PBXSourcesBuildPhase section */
		033207F91E5ACD81000BF5C3 /* Sources */ = {
			isa = PBXSourcesBuildPhase;
			buildActionMask = 2147483647;
			files = (
				030A13781E5B954300936B87 /* Trip.swift in Sources */,
				039B0EC21E5D169D007FFA6A /* TripViewController.swift in Sources */,
				033208031E5ACD82000BF5C3 /* ViewController.swift in Sources */,
				033208011E5ACD82000BF5C3 /* AppDelegate.swift in Sources */,
			);
			runOnlyForDeploymentPostprocessing = 0;
		};
		0332080D1E5ACD82000BF5C3 /* Sources */ = {
			isa = PBXSourcesBuildPhase;
			buildActionMask = 2147483647;
			files = (
				033208161E5ACD82000BF5C3 /* Intelligent_Pothole_DetectionTests.swift in Sources */,
			);
			runOnlyForDeploymentPostprocessing = 0;
		};
/* End PBXSourcesBuildPhase section */

/* Begin PBXTargetDependency section */
		033208131E5ACD82000BF5C3 /* PBXTargetDependency */ = {
			isa = PBXTargetDependency;
			target = 033207FC1E5ACD81000BF5C3 /* IPD-Training-Sensors */;
			targetProxy = 033208121E5ACD82000BF5C3 /* PBXContainerItemProxy */;
		};
/* End PBXTargetDependency section */

/* Begin PBXVariantGroup section */
		033208041E5ACD82000BF5C3 /* Main.storyboard */ = {
			isa = PBXVariantGroup;
			children = (
				033208051E5ACD82000BF5C3 /* Base */,
			);
			name = Main.storyboard;
			sourceTree = "<group>";
		};
		033208091E5ACD82000BF5C3 /* LaunchScreen.storyboard */ = {
			isa = PBXVariantGroup;
			children = (
				0332080A1E5ACD82000BF5C3 /* Base */,
			);
			name = LaunchScreen.storyboard;
			sourceTree = "<group>";
		};
/* End PBXVariantGroup section */

/* Begin XCBuildConfiguration section */
		033208181E5ACD82000BF5C3 /* Debug */ = {
			isa = XCBuildConfiguration;
			buildSettings = {
				ALWAYS_SEARCH_USER_PATHS = NO;
				CLANG_ANALYZER_NONNULL = YES;
				CLANG_CXX_LANGUAGE_STANDARD = "gnu++0x";
				CLANG_CXX_LIBRARY = "libc++";
				CLANG_ENABLE_MODULES = YES;
				CLANG_ENABLE_OBJC_ARC = YES;
				CLANG_WARN_BOOL_CONVERSION = YES;
				CLANG_WARN_CONSTANT_CONVERSION = YES;
				CLANG_WARN_DIRECT_OBJC_ISA_USAGE = YES_ERROR;
				CLANG_WARN_DOCUMENTATION_COMMENTS = YES;
				CLANG_WARN_EMPTY_BODY = YES;
				CLANG_WARN_ENUM_CONVERSION = YES;
				CLANG_WARN_INFINITE_RECURSION = YES;
				CLANG_WARN_INT_CONVERSION = YES;
				CLANG_WARN_OBJC_ROOT_CLASS = YES_ERROR;
				CLANG_WARN_SUSPICIOUS_MOVE = YES;
				CLANG_WARN_UNREACHABLE_CODE = YES;
				CLANG_WARN__DUPLICATE_METHOD_MATCH = YES;
				"CODE_SIGN_IDENTITY[sdk=iphoneos*]" = "iPhone Developer";
				COPY_PHASE_STRIP = NO;
				DEBUG_INFORMATION_FORMAT = dwarf;
				ENABLE_STRICT_OBJC_MSGSEND = YES;
				ENABLE_TESTABILITY = YES;
				GCC_C_LANGUAGE_STANDARD = gnu99;
				GCC_DYNAMIC_NO_PIC = NO;
				GCC_NO_COMMON_BLOCKS = YES;
				GCC_OPTIMIZATION_LEVEL = 0;
				GCC_PREPROCESSOR_DEFINITIONS = (
					"DEBUG=1",
					"$(inherited)",
				);
				GCC_WARN_64_TO_32_BIT_CONVERSION = YES;
				GCC_WARN_ABOUT_RETURN_TYPE = YES_ERROR;
				GCC_WARN_UNDECLARED_SELECTOR = YES;
				GCC_WARN_UNINITIALIZED_AUTOS = YES_AGGRESSIVE;
				GCC_WARN_UNUSED_FUNCTION = YES;
				GCC_WARN_UNUSED_VARIABLE = YES;
				IPHONEOS_DEPLOYMENT_TARGET = 10.2;
				MTL_ENABLE_DEBUG_INFO = YES;
				ONLY_ACTIVE_ARCH = YES;
				SDKROOT = iphoneos;
				SWIFT_ACTIVE_COMPILATION_CONDITIONS = DEBUG;
				SWIFT_OPTIMIZATION_LEVEL = "-Onone";
			};
			name = Debug;
		};
		033208191E5ACD82000BF5C3 /* Release */ = {
			isa = XCBuildConfiguration;
			buildSettings = {
				ALWAYS_SEARCH_USER_PATHS = NO;
				CLANG_ANALYZER_NONNULL = YES;
				CLANG_CXX_LANGUAGE_STANDARD = "gnu++0x";
				CLANG_CXX_LIBRARY = "libc++";
				CLANG_ENABLE_MODULES = YES;
				CLANG_ENABLE_OBJC_ARC = YES;
				CLANG_WARN_BOOL_CONVERSION = YES;
				CLANG_WARN_CONSTANT_CONVERSION = YES;
				CLANG_WARN_DIRECT_OBJC_ISA_USAGE = YES_ERROR;
				CLANG_WARN_DOCUMENTATION_COMMENTS = YES;
				CLANG_WARN_EMPTY_BODY = YES;
				CLANG_WARN_ENUM_CONVERSION = YES;
				CLANG_WARN_INFINITE_RECURSION = YES;
				CLANG_WARN_INT_CONVERSION = YES;
				CLANG_WARN_OBJC_ROOT_CLASS = YES_ERROR;
				CLANG_WARN_SUSPICIOUS_MOVE = YES;
				CLANG_WARN_UNREACHABLE_CODE = YES;
				CLANG_WARN__DUPLICATE_METHOD_MATCH = YES;
				"CODE_SIGN_IDENTITY[sdk=iphoneos*]" = "iPhone Developer";
				COPY_PHASE_STRIP = NO;
				DEBUG_INFORMATION_FORMAT = "dwarf-with-dsym";
				ENABLE_NS_ASSERTIONS = NO;
				ENABLE_STRICT_OBJC_MSGSEND = YES;
				GCC_C_LANGUAGE_STANDARD = gnu99;
				GCC_NO_COMMON_BLOCKS = YES;
				GCC_WARN_64_TO_32_BIT_CONVERSION = YES;
				GCC_WARN_ABOUT_RETURN_TYPE = YES_ERROR;
				GCC_WARN_UNDECLARED_SELECTOR = YES;
				GCC_WARN_UNINITIALIZED_AUTOS = YES_AGGRESSIVE;
				GCC_WARN_UNUSED_FUNCTION = YES;
				GCC_WARN_UNUSED_VARIABLE = YES;
				IPHONEOS_DEPLOYMENT_TARGET = 10.2;
				MTL_ENABLE_DEBUG_INFO = NO;
				SDKROOT = iphoneos;
				SWIFT_OPTIMIZATION_LEVEL = "-Owholemodule";
				VALIDATE_PRODUCT = YES;
			};
			name = Release;
		};
		0332081B1E5ACD82000BF5C3 /* Debug */ = {
			isa = XCBuildConfiguration;
			buildSettings = {
				ASSETCATALOG_COMPILER_APPICON_NAME = AppIcon;
				DEVELOPMENT_TEAM = 42P3FE69ZL;
				INFOPLIST_FILE = "Intelligent-Pothole-Detection/Info.plist";
				LD_RUNPATH_SEARCH_PATHS = "$(inherited) @executable_path/Frameworks";
				PRODUCT_BUNDLE_IDENTIFIER = "com.example.IPD-Training-Sensors";
				PRODUCT_NAME = "$(TARGET_NAME)";
				SWIFT_VERSION = 3.0;
			};
			name = Debug;
		};
		0332081C1E5ACD82000BF5C3 /* Release */ = {
			isa = XCBuildConfiguration;
			buildSettings = {
				ASSETCATALOG_COMPILER_APPICON_NAME = AppIcon;
				DEVELOPMENT_TEAM = 42P3FE69ZL;
				INFOPLIST_FILE = "Intelligent-Pothole-Detection/Info.plist";
				LD_RUNPATH_SEARCH_PATHS = "$(inherited) @executable_path/Frameworks";
				PRODUCT_BUNDLE_IDENTIFIER = "com.example.IPD-Training-Sensors";
				PRODUCT_NAME = "$(TARGET_NAME)";
				SWIFT_VERSION = 3.0;
			};
			name = Release;
		};
		0332081E1E5ACD82000BF5C3 /* Debug */ = {
			isa = XCBuildConfiguration;
			buildSettings = {
				ALWAYS_EMBED_SWIFT_STANDARD_LIBRARIES = YES;
				BUNDLE_LOADER = "$(TEST_HOST)";
				INFOPLIST_FILE = "Intelligent-Pothole-DetectionTests/Info.plist";
				LD_RUNPATH_SEARCH_PATHS = "$(inherited) @executable_path/Frameworks @loader_path/Frameworks";
				PRODUCT_BUNDLE_IDENTIFIER = "com.example.Intelligent-Pothole-DetectionTests";
				PRODUCT_NAME = "$(TARGET_NAME)";
				SWIFT_VERSION = 3.0;
				TEST_HOST = "$(BUILT_PRODUCTS_DIR)/IPD-Training-Sensors.app/IPD-Training-Sensors";
			};
			name = Debug;
		};
		0332081F1E5ACD82000BF5C3 /* Release */ = {
			isa = XCBuildConfiguration;
			buildSettings = {
				ALWAYS_EMBED_SWIFT_STANDARD_LIBRARIES = YES;
				BUNDLE_LOADER = "$(TEST_HOST)";
				INFOPLIST_FILE = "Intelligent-Pothole-DetectionTests/Info.plist";
				LD_RUNPATH_SEARCH_PATHS = "$(inherited) @executable_path/Frameworks @loader_path/Frameworks";
				PRODUCT_BUNDLE_IDENTIFIER = "com.example.Intelligent-Pothole-DetectionTests";
				PRODUCT_NAME = "$(TARGET_NAME)";
				SWIFT_VERSION = 3.0;
				TEST_HOST = "$(BUILT_PRODUCTS_DIR)/IPD-Training-Sensors.app/IPD-Training-Sensors";
			};
			name = Release;
		};
/* End XCBuildConfiguration section */

/* Begin XCConfigurationList section */
		033207F81E5ACD81000BF5C3 /* Build configuration list for PBXProject "IPD-Training-Sensors" */ = {
			isa = XCConfigurationList;
			buildConfigurations = (
				033208181E5ACD82000BF5C3 /* Debug */,
				033208191E5ACD82000BF5C3 /* Release */,
			);
			defaultConfigurationIsVisible = 0;
			defaultConfigurationName = Release;
		};
		0332081A1E5ACD82000BF5C3 /* Build configuration list for PBXNativeTarget "IPD-Training-Sensors" */ = {
			isa = XCConfigurationList;
			buildConfigurations = (
				0332081B1E5ACD82000BF5C3 /* Debug */,
				0332081C1E5ACD82000BF5C3 /* Release */,
			);
			defaultConfigurationIsVisible = 0;
			defaultConfigurationName = Release;
		};
		0332081D1E5ACD82000BF5C3 /* Build configuration list for PBXNativeTarget "IPD-Training-SensorsTests" */ = {
			isa = XCConfigurationList;
			buildConfigurations = (
				0332081E1E5ACD82000BF5C3 /* Debug */,
				0332081F1E5ACD82000BF5C3 /* Release */,
			);
			defaultConfigurationIsVisible = 0;
			defaultConfigurationName = Release;
		};
/* End XCConfigurationList section */
	};
	rootObject = 033207F51E5ACD81000BF5C3 /* Project object */;
}
