// !$*UTF8*$!
{
	archiveVersion = 1;
	classes = {
	};
	objectVersion = 46;
	objects = {

/* Begin PBXBuildFile section */
		03CD61321EC237BF005500F9 /* intervalsRoadConditions.swift in Sources */ = {isa = PBXBuildFile; fileRef = 03CD61311EC237BF005500F9 /* intervalsRoadConditions.swift */; };
		03CD61341EC237CD005500F9 /* intervalsPotholes.swift in Sources */ = {isa = PBXBuildFile; fileRef = 03CD61331EC237CD005500F9 /* intervalsPotholes.swift */; };
		03D7522B1EC15733003DAF35 /* AppDelegate.swift in Sources */ = {isa = PBXBuildFile; fileRef = 03D7522A1EC15733003DAF35 /* AppDelegate.swift */; };
		03D7522D1EC15733003DAF35 /* ViewController.swift in Sources */ = {isa = PBXBuildFile; fileRef = 03D7522C1EC15733003DAF35 /* ViewController.swift */; };
		03D752301EC15733003DAF35 /* Main.storyboard in Resources */ = {isa = PBXBuildFile; fileRef = 03D7522E1EC15733003DAF35 /* Main.storyboard */; };
		03D752321EC15733003DAF35 /* Assets.xcassets in Resources */ = {isa = PBXBuildFile; fileRef = 03D752311EC15733003DAF35 /* Assets.xcassets */; };
		03D752351EC15733003DAF35 /* LaunchScreen.storyboard in Resources */ = {isa = PBXBuildFile; fileRef = 03D752331EC15733003DAF35 /* LaunchScreen.storyboard */; };
		03D7523D1EC16C1F003DAF35 /* TripViewController.swift in Sources */ = {isa = PBXBuildFile; fileRef = 03D7523C1EC16C1F003DAF35 /* TripViewController.swift */; };
/* End PBXBuildFile section */

/* Begin PBXFileReference section */
		03CD61311EC237BF005500F9 /* intervalsRoadConditions.swift */ = {isa = PBXFileReference; fileEncoding = 4; lastKnownFileType = sourcecode.swift; name = intervalsRoadConditions.swift; path = ../intervalsRoadConditions.swift; sourceTree = "<group>"; };
		03CD61331EC237CD005500F9 /* intervalsPotholes.swift */ = {isa = PBXFileReference; fileEncoding = 4; lastKnownFileType = sourcecode.swift; name = intervalsPotholes.swift; path = ../intervalsPotholes.swift; sourceTree = "<group>"; };
		03D752271EC15733003DAF35 /* IPD-Classification-App.app */ = {isa = PBXFileReference; explicitFileType = wrapper.application; includeInIndex = 0; path = "IPD-Classification-App.app"; sourceTree = BUILT_PRODUCTS_DIR; };
		03D7522A1EC15733003DAF35 /* AppDelegate.swift */ = {isa = PBXFileReference; lastKnownFileType = sourcecode.swift; path = AppDelegate.swift; sourceTree = "<group>"; };
		03D7522C1EC15733003DAF35 /* ViewController.swift */ = {isa = PBXFileReference; lastKnownFileType = sourcecode.swift; path = ViewController.swift; sourceTree = "<group>"; };
		03D7522F1EC15733003DAF35 /* Base */ = {isa = PBXFileReference; lastKnownFileType = file.storyboard; name = Base; path = Base.lproj/Main.storyboard; sourceTree = "<group>"; };
		03D752311EC15733003DAF35 /* Assets.xcassets */ = {isa = PBXFileReference; lastKnownFileType = folder.assetcatalog; path = Assets.xcassets; sourceTree = "<group>"; };
		03D752341EC15733003DAF35 /* Base */ = {isa = PBXFileReference; lastKnownFileType = file.storyboard; name = Base; path = Base.lproj/LaunchScreen.storyboard; sourceTree = "<group>"; };
		03D752361EC15733003DAF35 /* Info.plist */ = {isa = PBXFileReference; lastKnownFileType = text.plist.xml; path = Info.plist; sourceTree = "<group>"; };
		03D7523C1EC16C1F003DAF35 /* TripViewController.swift */ = {isa = PBXFileReference; fileEncoding = 4; lastKnownFileType = sourcecode.swift; path = TripViewController.swift; sourceTree = "<group>"; };
/* End PBXFileReference section */

/* Begin PBXFrameworksBuildPhase section */
		03D752241EC15733003DAF35 /* Frameworks */ = {
			isa = PBXFrameworksBuildPhase;
			buildActionMask = 2147483647;
			files = (
			);
			runOnlyForDeploymentPostprocessing = 0;
		};
/* End PBXFrameworksBuildPhase section */

/* Begin PBXGroup section */
		03D7521E1EC15733003DAF35 = {
			isa = PBXGroup;
			children = (
				03D752291EC15733003DAF35 /* IPD-Classification-App */,
				03D752281EC15733003DAF35 /* Products */,
			);
			sourceTree = "<group>";
		};
		03D752281EC15733003DAF35 /* Products */ = {
			isa = PBXGroup;
			children = (
				03D752271EC15733003DAF35 /* IPD-Classification-App.app */,
			);
			name = Products;
			sourceTree = "<group>";
		};
		03D752291EC15733003DAF35 /* IPD-Classification-App */ = {
			isa = PBXGroup;
			children = (
				03D7522A1EC15733003DAF35 /* AppDelegate.swift */,
				03D7522C1EC15733003DAF35 /* ViewController.swift */,
				03D7523C1EC16C1F003DAF35 /* TripViewController.swift */,
				03CD61311EC237BF005500F9 /* intervalsRoadConditions.swift */,
				03CD61331EC237CD005500F9 /* intervalsPotholes.swift */,
				03D7522E1EC15733003DAF35 /* Main.storyboard */,
				03D752311EC15733003DAF35 /* Assets.xcassets */,
				03D752331EC15733003DAF35 /* LaunchScreen.storyboard */,
				03D752361EC15733003DAF35 /* Info.plist */,
			);
			path = "IPD-Classification-App";
			sourceTree = "<group>";
		};
/* End PBXGroup section */

/* Begin PBXNativeTarget section */
		03D752261EC15733003DAF35 /* IPD-Classification-App */ = {
			isa = PBXNativeTarget;
			buildConfigurationList = 03D752391EC15733003DAF35 /* Build configuration list for PBXNativeTarget "IPD-Classification-App" */;
			buildPhases = (
				03D752231EC15733003DAF35 /* Sources */,
				03D752241EC15733003DAF35 /* Frameworks */,
				03D752251EC15733003DAF35 /* Resources */,
			);
			buildRules = (
			);
			dependencies = (
			);
			name = "IPD-Classification-App";
			productName = "IPD-Classification-App";
			productReference = 03D752271EC15733003DAF35 /* IPD-Classification-App.app */;
			productType = "com.apple.product-type.application";
		};
/* End PBXNativeTarget section */

/* Begin PBXProject section */
		03D7521F1EC15733003DAF35 /* Project object */ = {
			isa = PBXProject;
			attributes = {
				LastSwiftUpdateCheck = 0830;
				LastUpgradeCheck = 0830;
				ORGANIZATIONNAME = "Shouvik Mani";
				TargetAttributes = {
					03D752261EC15733003DAF35 = {
						CreatedOnToolsVersion = 8.3.2;
						DevelopmentTeam = 42P3FE69ZL;
						ProvisioningStyle = Automatic;
					};
				};
			};
			buildConfigurationList = 03D752221EC15733003DAF35 /* Build configuration list for PBXProject "IPD-Classification-App" */;
			compatibilityVersion = "Xcode 3.2";
			developmentRegion = English;
			hasScannedForEncodings = 0;
			knownRegions = (
				en,
				Base,
			);
			mainGroup = 03D7521E1EC15733003DAF35;
			productRefGroup = 03D752281EC15733003DAF35 /* Products */;
			projectDirPath = "";
			projectRoot = "";
			targets = (
				03D752261EC15733003DAF35 /* IPD-Classification-App */,
			);
		};
/* End PBXProject section */

/* Begin PBXResourcesBuildPhase section */
		03D752251EC15733003DAF35 /* Resources */ = {
			isa = PBXResourcesBuildPhase;
			buildActionMask = 2147483647;
			files = (
				03D752351EC15733003DAF35 /* LaunchScreen.storyboard in Resources */,
				03D752321EC15733003DAF35 /* Assets.xcassets in Resources */,
				03D752301EC15733003DAF35 /* Main.storyboard in Resources */,
			);
			runOnlyForDeploymentPostprocessing = 0;
		};
/* End PBXResourcesBuildPhase section */

/* Begin PBXSourcesBuildPhase section */
		03D752231EC15733003DAF35 /* Sources */ = {
			isa = PBXSourcesBuildPhase;
			buildActionMask = 2147483647;
			files = (
				03CD61321EC237BF005500F9 /* intervalsRoadConditions.swift in Sources */,
				03D7523D1EC16C1F003DAF35 /* TripViewController.swift in Sources */,
				03D7522D1EC15733003DAF35 /* ViewController.swift in Sources */,
				03CD61341EC237CD005500F9 /* intervalsPotholes.swift in Sources */,
				03D7522B1EC15733003DAF35 /* AppDelegate.swift in Sources */,
			);
			runOnlyForDeploymentPostprocessing = 0;
		};
/* End PBXSourcesBuildPhase section */

/* Begin PBXVariantGroup section */
		03D7522E1EC15733003DAF35 /* Main.storyboard */ = {
			isa = PBXVariantGroup;
			children = (
				03D7522F1EC15733003DAF35 /* Base */,
			);
			name = Main.storyboard;
			sourceTree = "<group>";
		};
		03D752331EC15733003DAF35 /* LaunchScreen.storyboard */ = {
			isa = PBXVariantGroup;
			children = (
				03D752341EC15733003DAF35 /* Base */,
			);
			name = LaunchScreen.storyboard;
			sourceTree = "<group>";
		};
/* End PBXVariantGroup section */

/* Begin XCBuildConfiguration section */
		03D752371EC15733003DAF35 /* Debug */ = {
			isa = XCBuildConfiguration;
			buildSettings = {
				ALWAYS_SEARCH_USER_PATHS = NO;
				CLANG_ANALYZER_NONNULL = YES;
				CLANG_ANALYZER_NUMBER_OBJECT_CONVERSION = YES_AGGRESSIVE;
				CLANG_CXX_LANGUAGE_STANDARD = "gnu++0x";
				CLANG_CXX_LIBRARY = "libc++";
				CLANG_ENABLE_MODULES = YES;
				CLANG_ENABLE_OBJC_ARC = YES;
				CLANG_WARN_BOOL_CONVERSION = YES;
				CLANG_WARN_CONSTANT_CONVERSION = YES;
				CLANG_WARN_DIRECT_OBJC_ISA_USAGE = YES_ERROR;
				CLANG_WARN_DOCUMENTATION_COMMENTS = YES;
				CLANG_WARN_EMPTY_BODY = YES;
				CLANG_WARN_ENUM_CONVERSION = YES;
				CLANG_WARN_INFINITE_RECURSION = YES;
				CLANG_WARN_INT_CONVERSION = YES;
				CLANG_WARN_OBJC_ROOT_CLASS = YES_ERROR;
				CLANG_WARN_SUSPICIOUS_MOVE = YES;
				CLANG_WARN_UNREACHABLE_CODE = YES;
				CLANG_WARN__DUPLICATE_METHOD_MATCH = YES;
				"CODE_SIGN_IDENTITY[sdk=iphoneos*]" = "iPhone Developer";
				COPY_PHASE_STRIP = NO;
				DEBUG_INFORMATION_FORMAT = dwarf;
				ENABLE_STRICT_OBJC_MSGSEND = YES;
				ENABLE_TESTABILITY = YES;
				GCC_C_LANGUAGE_STANDARD = gnu99;
				GCC_DYNAMIC_NO_PIC = NO;
				GCC_NO_COMMON_BLOCKS = YES;
				GCC_OPTIMIZATION_LEVEL = 0;
				GCC_PREPROCESSOR_DEFINITIONS = (
					"DEBUG=1",
					"$(inherited)",
				);
				GCC_WARN_64_TO_32_BIT_CONVERSION = YES;
				GCC_WARN_ABOUT_RETURN_TYPE = YES_ERROR;
				GCC_WARN_UNDECLARED_SELECTOR = YES;
				GCC_WARN_UNINITIALIZED_AUTOS = YES_AGGRESSIVE;
				GCC_WARN_UNUSED_FUNCTION = YES;
				GCC_WARN_UNUSED_VARIABLE = YES;
				IPHONEOS_DEPLOYMENT_TARGET = 10.3;
				MTL_ENABLE_DEBUG_INFO = YES;
				ONLY_ACTIVE_ARCH = YES;
				SDKROOT = iphoneos;
				SWIFT_ACTIVE_COMPILATION_CONDITIONS = DEBUG;
				SWIFT_OPTIMIZATION_LEVEL = "-Onone";
			};
			name = Debug;
		};
		03D752381EC15733003DAF35 /* Release */ = {
			isa = XCBuildConfiguration;
			buildSettings = {
				ALWAYS_SEARCH_USER_PATHS = NO;
				CLANG_ANALYZER_NONNULL = YES;
				CLANG_ANALYZER_NUMBER_OBJECT_CONVERSION = YES_AGGRESSIVE;
				CLANG_CXX_LANGUAGE_STANDARD = "gnu++0x";
				CLANG_CXX_LIBRARY = "libc++";
				CLANG_ENABLE_MODULES = YES;
				CLANG_ENABLE_OBJC_ARC = YES;
				CLANG_WARN_BOOL_CONVERSION = YES;
				CLANG_WARN_CONSTANT_CONVERSION = YES;
				CLANG_WARN_DIRECT_OBJC_ISA_USAGE = YES_ERROR;
				CLANG_WARN_DOCUMENTATION_COMMENTS = YES;
				CLANG_WARN_EMPTY_BODY = YES;
				CLANG_WARN_ENUM_CONVERSION = YES;
				CLANG_WARN_INFINITE_RECURSION = YES;
				CLANG_WARN_INT_CONVERSION = YES;
				CLANG_WARN_OBJC_ROOT_CLASS = YES_ERROR;
				CLANG_WARN_SUSPICIOUS_MOVE = YES;
				CLANG_WARN_UNREACHABLE_CODE = YES;
				CLANG_WARN__DUPLICATE_METHOD_MATCH = YES;
				"CODE_SIGN_IDENTITY[sdk=iphoneos*]" = "iPhone Developer";
				COPY_PHASE_STRIP = NO;
				DEBUG_INFORMATION_FORMAT = "dwarf-with-dsym";
				ENABLE_NS_ASSERTIONS = NO;
				ENABLE_STRICT_OBJC_MSGSEND = YES;
				GCC_C_LANGUAGE_STANDARD = gnu99;
				GCC_NO_COMMON_BLOCKS = YES;
				GCC_WARN_64_TO_32_BIT_CONVERSION = YES;
				GCC_WARN_ABOUT_RETURN_TYPE = YES_ERROR;
				GCC_WARN_UNDECLARED_SELECTOR = YES;
				GCC_WARN_UNINITIALIZED_AUTOS = YES_AGGRESSIVE;
				GCC_WARN_UNUSED_FUNCTION = YES;
				GCC_WARN_UNUSED_VARIABLE = YES;
				IPHONEOS_DEPLOYMENT_TARGET = 10.3;
				MTL_ENABLE_DEBUG_INFO = NO;
				SDKROOT = iphoneos;
				SWIFT_OPTIMIZATION_LEVEL = "-Owholemodule";
				VALIDATE_PRODUCT = YES;
			};
			name = Release;
		};
		03D7523A1EC15733003DAF35 /* Debug */ = {
			isa = XCBuildConfiguration;
			buildSettings = {
				ASSETCATALOG_COMPILER_APPICON_NAME = AppIcon;
				DEVELOPMENT_TEAM = 42P3FE69ZL;
				INFOPLIST_FILE = "IPD-Classification-App/Info.plist";
				LD_RUNPATH_SEARCH_PATHS = "$(inherited) @executable_path/Frameworks";
				PRODUCT_BUNDLE_IDENTIFIER = "com.example.IPD-Classification-App";
				PRODUCT_NAME = "$(TARGET_NAME)";
				SWIFT_VERSION = 3.0;
			};
			name = Debug;
		};
		03D7523B1EC15733003DAF35 /* Release */ = {
			isa = XCBuildConfiguration;
			buildSettings = {
				ASSETCATALOG_COMPILER_APPICON_NAME = AppIcon;
				DEVELOPMENT_TEAM = 42P3FE69ZL;
				INFOPLIST_FILE = "IPD-Classification-App/Info.plist";
				LD_RUNPATH_SEARCH_PATHS = "$(inherited) @executable_path/Frameworks";
				PRODUCT_BUNDLE_IDENTIFIER = "com.example.IPD-Classification-App";
				PRODUCT_NAME = "$(TARGET_NAME)";
				SWIFT_VERSION = 3.0;
			};
			name = Release;
		};
/* End XCBuildConfiguration section */

/* Begin XCConfigurationList section */
		03D752221EC15733003DAF35 /* Build configuration list for PBXProject "IPD-Classification-App" */ = {
			isa = XCConfigurationList;
			buildConfigurations = (
				03D752371EC15733003DAF35 /* Debug */,
				03D752381EC15733003DAF35 /* Release */,
			);
			defaultConfigurationIsVisible = 0;
			defaultConfigurationName = Release;
		};
		03D752391EC15733003DAF35 /* Build configuration list for PBXNativeTarget "IPD-Classification-App" */ = {
			isa = XCConfigurationList;
			buildConfigurations = (
				03D7523A1EC15733003DAF35 /* Debug */,
				03D7523B1EC15733003DAF35 /* Release */,
			);
			defaultConfigurationIsVisible = 0;
			defaultConfigurationName = Release;
		};
/* End XCConfigurationList section */
	};
	rootObject = 03D7521F1EC15733003DAF35 /* Project object */;
}
